schema: '2.0'
stages:
  collect_data:
    cmd:
    - mkdir -p data/i/raw
    - python ml/src/collect_data.py --target i --params pipeline_b_detect/i/params.yaml
    deps:
    - path: ml/src/collect_data.py
      hash: md5
      md5: 622a14e879e077e3ec7480459dcc4088
      size: 1229
    params:
      pipeline_b_detect/i/params.yaml:
        target: i
    outs:
    - path: data/i/raw/data.csv
      hash: md5
      md5: a05fe0a3a8e4f586df2eba89fc7e96e5
      size: 6905
  process_data:
    cmd:
    - mkdir -p data/i/processed
    - python ml/src/process_data.py --target i --params pipeline_b_detect/i/params.yaml
    deps:
    - path: data/i/raw/data.csv
      hash: md5
      md5: a05fe0a3a8e4f586df2eba89fc7e96e5
      size: 6905
    - path: ml/src/process_data.py
      hash: md5
      md5: 52b38150b3d1a9d87001eddb33c21f81
      size: 925
    params:
      pipeline_b_detect/i/params.yaml:
        target: i
    outs:
    - path: data/i/processed/data.csv
      hash: md5
      md5: a05fe0a3a8e4f586df2eba89fc7e96e5
      size: 6905
  train:
    cmd: python ml/src/train.py --type pipeline_b_detect --target i --params pipeline_b_detect/i/params.yaml
    deps:
    - path: data/i/processed/data.csv
      hash: md5
      md5: a05fe0a3a8e4f586df2eba89fc7e96e5
      size: 6905
    - path: ml/src/train.py
      hash: md5
      md5: db3846d63e74681eab2922ca69436ea6
      size: 1289
    params:
      pipeline_b_detect/i/params.yaml:
        train:
          epochs: 30
          batch_size: 16
          learning_rate: 0.01
    outs:
    - path: pipeline_b_detect/i/models/model_pipeline_b_detect_i.file
      hash: md5
      md5: ce360d81fe59548f847dc2a9428da80a
      size: 6485
